
Microsoft Visual Studio Solution File, Format Version 12.00
# Visual Studio Version 17
VisualStudioVersion = 17.8.34525.116
MinimumVisualStudioVersion = 10.0.40219.1
Project("{FAE04EC0-301F-11D3-BF4B-00C04F79EFBC}") = "AcerProProject1", "AcerProProject1\AcerProProject1.csproj", "{B4371F78-B26E-48B7-A50F-F3BFA52E2906}"
EndProject
Global
	GlobalSection(SolutionConfigurationPlatforms) = preSolution
		Debug|Any CPU = Debug|Any CPU
		Release|Any CPU = Release|Any CPU
	EndGlobalSection
	GlobalSection(ProjectConfigurationPlatforms) = postSolution
		{B4371F78-B26E-48B7-A50F-F3BFA52E2906}.Debug|Any CPU.ActiveCfg = Debug|Any CPU
		{B4371F78-B26E-48B7-A50F-F3BFA52E2906}.Debug|Any CPU.Build.0 = Debug|Any CPU
		{B4371F78-B26E-48B7-A50F-F3BFA52E2906}.Release|Any CPU.ActiveCfg = Release|Any CPU
		{B4371F78-B26E-48B7-A50F-F3BFA52E2906}.Release|Any CPU.Build.0 = Release|Any CPU
	EndGlobalSection
	GlobalSection(SolutionProperties) = preSolution
		HideSolutionNode = FALSE
	EndGlobalSection
	GlobalSection(ExtensibilityGlobals) = postSolution
		SolutionGuid = {CF6E53E0-0238-4392-A682-FAEC303A32D9}
	EndGlobalSection
EndGlobal
